
Microsoft Visual Studio Solution File, Format Version 12.00
# Visual Studio Version 16
VisualStudioVersion = 16.0.29613.14
MinimumVisualStudioVersion = 10.0.40219.1
Project("{9A19103F-16F7-4668-BE54-9A1E7A4F7556}") = "operations", "operations\operations.csproj", "{CA957C06-33A3-4D2D-A203-5484756F2D56}"
EndProject
Project("{9A19103F-16F7-4668-BE54-9A1E7A4F7556}") = "operationsTests", "operationsTests\operationsTests.csproj", "{D87EA225-8757-40DE-84F8-6BFBC30D4B40}"
EndProject
Project("{9A19103F-16F7-4668-BE54-9A1E7A4F7556}") = "BasicCalculator", "BasicCalculator\BasicCalculator.csproj", "{955359B2-2EA5-40DC-A169-19B41971B540}"
EndProject
Project("{9A19103F-16F7-4668-BE54-9A1E7A4F7556}") = "BasicCalculatorTests", "BasicCalculatorTests\BasicCalculatorTests.csproj", "{5A3B07E5-7881-4750-8C33-DDD3B4797CD7}"
EndProject
Project("{9A19103F-16F7-4668-BE54-9A1E7A4F7556}") = "Add", "Sum\Add.csproj", "{8084142C-278C-4A3B-B1F5-21756282C7C8}"
EndProject
Project("{9A19103F-16F7-4668-BE54-9A1E7A4F7556}") = "Divide", "Divide\Divide.csproj", "{3FBF4F04-347F-40CD-8B80-BD9950808F54}"
EndProject
Project("{FAE04EC0-301F-11D3-BF4B-00C04F79EFBC}") = "Subtract", "Subtract\Subtract.csproj", "{4968DA21-4BA7-4D10-800B-08BC0AB18807}"
EndProject
Project("{9A19103F-16F7-4668-BE54-9A1E7A4F7556}") = "Multiply", "Multiply\Multiply.csproj", "{B85FB8F3-79EA-46E9-9297-DCEBEDAAE4EC}"
EndProject
Project("{9A19103F-16F7-4668-BE54-9A1E7A4F7556}") = "SquaredNumber", "Square\SquaredNumber.csproj", "{111611BE-5807-4BD9-B0B1-265B3D7DBA24}"
EndProject
Project("{9A19103F-16F7-4668-BE54-9A1E7A4F7556}") = "CubeNumber", "Cube\CubeNumber.csproj", "{BDA21AE2-06AA-4412-9275-2F938B19A995}"
EndProject
Global
	GlobalSection(SolutionConfigurationPlatforms) = preSolution
		Debug|Any CPU = Debug|Any CPU
		Release|Any CPU = Release|Any CPU
	EndGlobalSection
	GlobalSection(ProjectConfigurationPlatforms) = postSolution
		{CA957C06-33A3-4D2D-A203-5484756F2D56}.Debug|Any CPU.ActiveCfg = Debug|Any CPU
		{CA957C06-33A3-4D2D-A203-5484756F2D56}.Debug|Any CPU.Build.0 = Debug|Any CPU
		{CA957C06-33A3-4D2D-A203-5484756F2D56}.Release|Any CPU.ActiveCfg = Release|Any CPU
		{CA957C06-33A3-4D2D-A203-5484756F2D56}.Release|Any CPU.Build.0 = Release|Any CPU
		{D87EA225-8757-40DE-84F8-6BFBC30D4B40}.Debug|Any CPU.ActiveCfg = Debug|Any CPU
		{D87EA225-8757-40DE-84F8-6BFBC30D4B40}.Debug|Any CPU.Build.0 = Debug|Any CPU
		{D87EA225-8757-40DE-84F8-6BFBC30D4B40}.Release|Any CPU.ActiveCfg = Release|Any CPU
		{D87EA225-8757-40DE-84F8-6BFBC30D4B40}.Release|Any CPU.Build.0 = Release|Any CPU
		{955359B2-2EA5-40DC-A169-19B41971B540}.Debug|Any CPU.ActiveCfg = Debug|Any CPU
		{955359B2-2EA5-40DC-A169-19B41971B540}.Debug|Any CPU.Build.0 = Debug|Any CPU
		{955359B2-2EA5-40DC-A169-19B41971B540}.Release|Any CPU.ActiveCfg = Release|Any CPU
		{955359B2-2EA5-40DC-A169-19B41971B540}.Release|Any CPU.Build.0 = Release|Any CPU
		{5A3B07E5-7881-4750-8C33-DDD3B4797CD7}.Debug|Any CPU.ActiveCfg = Debug|Any CPU
		{5A3B07E5-7881-4750-8C33-DDD3B4797CD7}.Debug|Any CPU.Build.0 = Debug|Any CPU
		{5A3B07E5-7881-4750-8C33-DDD3B4797CD7}.Release|Any CPU.ActiveCfg = Release|Any CPU
		{5A3B07E5-7881-4750-8C33-DDD3B4797CD7}.Release|Any CPU.Build.0 = Release|Any CPU
		{8084142C-278C-4A3B-B1F5-21756282C7C8}.Debug|Any CPU.ActiveCfg = Debug|Any CPU
		{8084142C-278C-4A3B-B1F5-21756282C7C8}.Debug|Any CPU.Build.0 = Debug|Any CPU
		{8084142C-278C-4A3B-B1F5-21756282C7C8}.Release|Any CPU.ActiveCfg = Release|Any CPU
		{8084142C-278C-4A3B-B1F5-21756282C7C8}.Release|Any CPU.Build.0 = Release|Any CPU
		{3FBF4F04-347F-40CD-8B80-BD9950808F54}.Debug|Any CPU.ActiveCfg = Debug|Any CPU
		{3FBF4F04-347F-40CD-8B80-BD9950808F54}.Debug|Any CPU.Build.0 = Debug|Any CPU
		{3FBF4F04-347F-40CD-8B80-BD9950808F54}.Release|Any CPU.ActiveCfg = Release|Any CPU
		{3FBF4F04-347F-40CD-8B80-BD9950808F54}.Release|Any CPU.Build.0 = Release|Any CPU
		{4968DA21-4BA7-4D10-800B-08BC0AB18807}.Debug|Any CPU.ActiveCfg = Debug|Any CPU
		{4968DA21-4BA7-4D10-800B-08BC0AB18807}.Debug|Any CPU.Build.0 = Debug|Any CPU
		{4968DA21-4BA7-4D10-800B-08BC0AB18807}.Release|Any CPU.ActiveCfg = Release|Any CPU
		{4968DA21-4BA7-4D10-800B-08BC0AB18807}.Release|Any CPU.Build.0 = Release|Any CPU
		{B85FB8F3-79EA-46E9-9297-DCEBEDAAE4EC}.Debug|Any CPU.ActiveCfg = Debug|Any CPU
		{B85FB8F3-79EA-46E9-9297-DCEBEDAAE4EC}.Debug|Any CPU.Build.0 = Debug|Any CPU
		{B85FB8F3-79EA-46E9-9297-DCEBEDAAE4EC}.Release|Any CPU.ActiveCfg = Release|Any CPU
		{B85FB8F3-79EA-46E9-9297-DCEBEDAAE4EC}.Release|Any CPU.Build.0 = Release|Any CPU
		{111611BE-5807-4BD9-B0B1-265B3D7DBA24}.Debug|Any CPU.ActiveCfg = Debug|Any CPU
		{111611BE-5807-4BD9-B0B1-265B3D7DBA24}.Debug|Any CPU.Build.0 = Debug|Any CPU
		{111611BE-5807-4BD9-B0B1-265B3D7DBA24}.Release|Any CPU.ActiveCfg = Release|Any CPU
		{111611BE-5807-4BD9-B0B1-265B3D7DBA24}.Release|Any CPU.Build.0 = Release|Any CPU
		{BDA21AE2-06AA-4412-9275-2F938B19A995}.Debug|Any CPU.ActiveCfg = Debug|Any CPU
		{BDA21AE2-06AA-4412-9275-2F938B19A995}.Debug|Any CPU.Build.0 = Debug|Any CPU
		{BDA21AE2-06AA-4412-9275-2F938B19A995}.Release|Any CPU.ActiveCfg = Release|Any CPU
		{BDA21AE2-06AA-4412-9275-2F938B19A995}.Release|Any CPU.Build.0 = Release|Any CPU
	EndGlobalSection
	GlobalSection(SolutionProperties) = preSolution
		HideSolutionNode = FALSE
	EndGlobalSection
	GlobalSection(ExtensibilityGlobals) = postSolution
		SolutionGuid = {58F1B0CA-48DE-48C5-8879-4EE0E77C231C}
	EndGlobalSection
EndGlobal
